
Microsoft Visual Studio Solution File, Format Version 12.00
# Visual Studio 15
VisualStudioVersion = 15.0.28010.2026
MinimumVisualStudioVersion = 10.0.40219.1
Project("{FAE04EC0-301F-11D3-BF4B-00C04F79EFBC}") = "LViewer", "LViewer\LViewer.csproj", "{D32FD614-3D0E-4467-85D9-0FB5DA845944}"
EndProject
Project("{FAE04EC0-301F-11D3-BF4B-00C04F79EFBC}") = "LViewer_Client", "LViewer_Client\LViewer_Client.csproj", "{D1A64F45-90DF-41CB-A1C2-96BC61F6C6F7}"
EndProject
Global
	GlobalSection(SolutionConfigurationPlatforms) = preSolution
		Debug|Any CPU = Debug|Any CPU
		Release|Any CPU = Release|Any CPU
	EndGlobalSection
	GlobalSection(ProjectConfigurationPlatforms) = postSolution
		{D32FD614-3D0E-4467-85D9-0FB5DA845944}.Debug|Any CPU.ActiveCfg = Debug|Any CPU
		{D32FD614-3D0E-4467-85D9-0FB5DA845944}.Debug|Any CPU.Build.0 = Debug|Any CPU
		{D32FD614-3D0E-4467-85D9-0FB5DA845944}.Release|Any CPU.ActiveCfg = Release|Any CPU
		{D32FD614-3D0E-4467-85D9-0FB5DA845944}.Release|Any CPU.Build.0 = Release|Any CPU
		{D1A64F45-90DF-41CB-A1C2-96BC61F6C6F7}.Debug|Any CPU.ActiveCfg = Debug|Any CPU
		{D1A64F45-90DF-41CB-A1C2-96BC61F6C6F7}.Debug|Any CPU.Build.0 = Debug|Any CPU
		{D1A64F45-90DF-41CB-A1C2-96BC61F6C6F7}.Release|Any CPU.ActiveCfg = Release|Any CPU
		{D1A64F45-90DF-41CB-A1C2-96BC61F6C6F7}.Release|Any CPU.Build.0 = Release|Any CPU
	EndGlobalSection
	GlobalSection(SolutionProperties) = preSolution
		HideSolutionNode = FALSE
	EndGlobalSection
	GlobalSection(ExtensibilityGlobals) = postSolution
		SolutionGuid = {6B2715D6-D395-4C14-AD14-72407736390B}
	EndGlobalSection
EndGlobal
